# This file is generated by running "yarn install" inside your project.
# Manual changes might be lost - proceed with caution!

__metadata:
  version: 8
  cacheKey: 10c0

"@rescript/darwin-arm64@npm:12.1.0":
  version: 12.1.0
  resolution: "@rescript/darwin-arm64@npm:12.1.0"
  conditions: os=darwin & cpu=arm64
  languageName: node
  linkType: hard

"@rescript/darwin-x64@npm:12.1.0":
  version: 12.1.0
  resolution: "@rescript/darwin-x64@npm:12.1.0"
  conditions: os=darwin & cpu=x64
  languageName: node
  linkType: hard

"@rescript/linux-arm64@npm:12.1.0":
  version: 12.1.0
  resolution: "@rescript/linux-arm64@npm:12.1.0"
  conditions: os=linux & cpu=arm64
  languageName: node
  linkType: hard

"@rescript/linux-x64@npm:12.1.0":
  version: 12.1.0
  resolution: "@rescript/linux-x64@npm:12.1.0"
  conditions: os=linux & cpu=x64
  languageName: node
  linkType: hard

"@rescript/runtime@npm:12.1.0":
  version: 12.1.0
  resolution: "@rescript/runtime@npm:12.1.0"
  checksum: 10c0/7c6c75fce8011873007bbe59fee7b355519fdaf31f64258837e7da420eee57ebb36236e3f55c576258adbb5811841b033188f617351addfdc2034384075e38b8
  languageName: node
  linkType: hard

"@rescript/win32-x64@npm:12.1.0":
  version: 12.1.0
  resolution: "@rescript/win32-x64@npm:12.1.0"
  conditions: os=win32 & cpu=x64
  languageName: node
  linkType: hard

"prettier@npm:^3.8.1":
  version: 3.8.1
  resolution: "prettier@npm:3.8.1"
  bin:
    prettier: bin/prettier.cjs
  checksum: 10c0/33169b594009e48f570471271be7eac7cdcf88a209eed39ac3b8d6d78984039bfa9132f82b7e6ba3b06711f3bfe0222a62a1bfb87c43f50c25a83df1b78a2c42
  languageName: node
  linkType: hard

"rescript-telegram-webapp@workspace:.":
  version: 0.0.0-use.local
  resolution: "rescript-telegram-webapp@workspace:."
  dependencies:
    prettier: "npm:^3.8.1"
    rescript: "npm:>=12.0.0 <13"
  peerDependencies:
    rescript: ">=12.0.0 <13"
  languageName: unknown
  linkType: soft

"rescript@npm:>=12.0.0 <13":
  version: 12.1.0
  resolution: "rescript@npm:12.1.0"
  dependencies:
    "@rescript/darwin-arm64": "npm:12.1.0"
    "@rescript/darwin-x64": "npm:12.1.0"
    "@rescript/linux-arm64": "npm:12.1.0"
    "@rescript/linux-x64": "npm:12.1.0"
    "@rescript/runtime": "npm:12.1.0"
    "@rescript/win32-x64": "npm:12.1.0"
  dependenciesMeta:
    "@rescript/darwin-arm64":
      optional: true
    "@rescript/darwin-x64":
      optional: true
    "@rescript/linux-arm64":
      optional: true
    "@rescript/linux-x64":
      optional: true
    "@rescript/win32-x64":
      optional: true
  bin:
    bsc: cli/bsc.js
    bstracing: cli/bstracing.js
    rescript: cli/rescript.js
    rescript-legacy: cli/rescript-legacy.js
    rescript-tools: cli/rescript-tools.js
  checksum: 10c0/526aacd9049427efe31dd450857eec1ab012edd2fbf1eeeeb03f4782ad776097da6c7cf4a21079d0d6dca2125a850201aa3929547f0be4aeccae4df3b8411c69
  languageName: node
  linkType: hard
